// !$*UTF8*$!
{
	archiveVersion = 1;
	classes = {
	};
	objectVersion = 50;
	objects = {

/* Begin PBXBuildFile section */
		850AE875266BD41000A25C50 /* AppDelegate.swift in Sources */ = {isa = PBXBuildFile; fileRef = 850AE874266BD41000A25C50 /* AppDelegate.swift */; };
		850AE877266BD41000A25C50 /* SceneDelegate.swift in Sources */ = {isa = PBXBuildFile; fileRef = 850AE876266BD41000A25C50 /* SceneDelegate.swift */; };
		850AE87E266BD41500A25C50 /* Assets.xcassets in Resources */ = {isa = PBXBuildFile; fileRef = 850AE87D266BD41500A25C50 /* Assets.xcassets */; };
		850AE881266BD41500A25C50 /* LaunchScreen.storyboard in Resources */ = {isa = PBXBuildFile; fileRef = 850AE87F266BD41500A25C50 /* LaunchScreen.storyboard */; };
		850D0E17266FC85F00309F09 /* MyFriendsViewController.swift in Sources */ = {isa = PBXBuildFile; fileRef = 850D0E16266FC85F00309F09 /* MyFriendsViewController.swift */; };
		853364B4266FCFDB0090E1D2 /* MyFriendsTableViewCell.swift in Sources */ = {isa = PBXBuildFile; fileRef = 853364B3266FCFDB0090E1D2 /* MyFriendsTableViewCell.swift */; };
		8557E3042672DD2E00600721 /* FriendsModel.swift in Sources */ = {isa = PBXBuildFile; fileRef = 8557E3032672DD2E00600721 /* FriendsModel.swift */; };
		8557E3092672E9B300600721 /* GroupModel.swift in Sources */ = {isa = PBXBuildFile; fileRef = 8557E3082672E9B300600721 /* GroupModel.swift */; };
		8557E30E2673AAF900600721 /* MyGroupsTableViewCell.swift in Sources */ = {isa = PBXBuildFile; fileRef = 8557E30D2673AAF900600721 /* MyGroupsTableViewCell.swift */; };
		855FF185267972C300BBC4F2 /* AllGroupsViewController.swift in Sources */ = {isa = PBXBuildFile; fileRef = 855FF184267972C300BBC4F2 /* AllGroupsViewController.swift */; };
		857D2A3A267AAE5F000311FD /* AllGroupsViewTableViewCell.swift in Sources */ = {isa = PBXBuildFile; fileRef = 857D2A39267AAE5F000311FD /* AllGroupsViewTableViewCell.swift */; };
		8582FF6B2673C773008EF88B /* MyGroupsViewController.swift in Sources */ = {isa = PBXBuildFile; fileRef = 8582FF6A2673C773008EF88B /* MyGroupsViewController.swift */; };
		85EA79EA266C437A00B3CA65 /* Main.storyboard in Resources */ = {isa = PBXBuildFile; fileRef = 85EA79E9266C437A00B3CA65 /* Main.storyboard */; };
		85EA79EE266C4C8500B3CA65 /* LoginViewController.swift in Sources */ = {isa = PBXBuildFile; fileRef = 85EA79ED266C4C8500B3CA65 /* LoginViewController.swift */; };
/* End PBXBuildFile section */

/* Begin PBXFileReference section */
		850AE871266BD41000A25C50 /* VkTypeAppGB.app */ = {isa = PBXFileReference; explicitFileType = wrapper.application; includeInIndex = 0; path = VkTypeAppGB.app; sourceTree = BUILT_PRODUCTS_DIR; };
		850AE874266BD41000A25C50 /* AppDelegate.swift */ = {isa = PBXFileReference; lastKnownFileType = sourcecode.swift; path = AppDelegate.swift; sourceTree = "<group>"; };
		850AE876266BD41000A25C50 /* SceneDelegate.swift */ = {isa = PBXFileReference; lastKnownFileType = sourcecode.swift; path = SceneDelegate.swift; sourceTree = "<group>"; };
		850AE87D266BD41500A25C50 /* Assets.xcassets */ = {isa = PBXFileReference; lastKnownFileType = folder.assetcatalog; path = Assets.xcassets; sourceTree = "<group>"; };
		850AE880266BD41500A25C50 /* Base */ = {isa = PBXFileReference; lastKnownFileType = file.storyboard; name = Base; path = Base.lproj/LaunchScreen.storyboard; sourceTree = "<group>"; };
		850AE882266BD41500A25C50 /* Info.plist */ = {isa = PBXFileReference; lastKnownFileType = text.plist.xml; path = Info.plist; sourceTree = "<group>"; };
		850D0E16266FC85F00309F09 /* MyFriendsViewController.swift */ = {isa = PBXFileReference; lastKnownFileType = sourcecode.swift; path = MyFriendsViewController.swift; sourceTree = "<group>"; };
		853364B3266FCFDB0090E1D2 /* MyFriendsTableViewCell.swift */ = {isa = PBXFileReference; lastKnownFileType = sourcecode.swift; path = MyFriendsTableViewCell.swift; sourceTree = "<group>"; };
		8557E3032672DD2E00600721 /* FriendsModel.swift */ = {isa = PBXFileReference; lastKnownFileType = sourcecode.swift; path = FriendsModel.swift; sourceTree = "<group>"; };
		8557E3082672E9B300600721 /* GroupModel.swift */ = {isa = PBXFileReference; lastKnownFileType = sourcecode.swift; path = GroupModel.swift; sourceTree = "<group>"; };
		8557E30D2673AAF900600721 /* MyGroupsTableViewCell.swift */ = {isa = PBXFileReference; lastKnownFileType = sourcecode.swift; path = MyGroupsTableViewCell.swift; sourceTree = "<group>"; };
		855FF184267972C300BBC4F2 /* AllGroupsViewController.swift */ = {isa = PBXFileReference; lastKnownFileType = sourcecode.swift; path = AllGroupsViewController.swift; sourceTree = "<group>"; };
		857D2A39267AAE5F000311FD /* AllGroupsViewTableViewCell.swift */ = {isa = PBXFileReference; lastKnownFileType = sourcecode.swift; path = AllGroupsViewTableViewCell.swift; sourceTree = "<group>"; };
		8582FF6A2673C773008EF88B /* MyGroupsViewController.swift */ = {isa = PBXFileReference; lastKnownFileType = sourcecode.swift; path = MyGroupsViewController.swift; sourceTree = "<group>"; };
		85EA79E9266C437A00B3CA65 /* Main.storyboard */ = {isa = PBXFileReference; lastKnownFileType = file.storyboard; path = Main.storyboard; sourceTree = "<group>"; };
		85EA79ED266C4C8500B3CA65 /* LoginViewController.swift */ = {isa = PBXFileReference; lastKnownFileType = sourcecode.swift; path = LoginViewController.swift; sourceTree = "<group>"; };
/* End PBXFileReference section */

/* Begin PBXFrameworksBuildPhase section */
		850AE86E266BD41000A25C50 /* Frameworks */ = {
			isa = PBXFrameworksBuildPhase;
			buildActionMask = 2147483647;
			files = (
			);
			runOnlyForDeploymentPostprocessing = 0;
		};
/* End PBXFrameworksBuildPhase section */

/* Begin PBXGroup section */
		850AE868266BD40F00A25C50 = {
			isa = PBXGroup;
			children = (
				850AE873266BD41000A25C50 /* VkTypeAppGB */,
				850AE872266BD41000A25C50 /* Products */,
			);
			sourceTree = "<group>";
		};
		850AE872266BD41000A25C50 /* Products */ = {
			isa = PBXGroup;
			children = (
				850AE871266BD41000A25C50 /* VkTypeAppGB.app */,
			);
			name = Products;
			sourceTree = "<group>";
		};
		850AE873266BD41000A25C50 /* VkTypeAppGB */ = {
			isa = PBXGroup;
			children = (
				850AE889266BE7E400A25C50 /* AppDelegate */,
				85EA79E9266C437A00B3CA65 /* Main.storyboard */,
				85EA79ED266C4C8500B3CA65 /* LoginViewController.swift */,
				857D2A37267AADE5000311FD /* Groups */,
				850D0E14266FC81B00309F09 /* MyFriends */,
				8557E3022672DD1200600721 /* Model */,
				850AE88A266BF4BE00A25C50 /* Resource */,
				850AE88B266BF4D500A25C50 /* Configuration */,
			);
			path = VkTypeAppGB;
			sourceTree = "<group>";
		};
		850AE889266BE7E400A25C50 /* AppDelegate */ = {
			isa = PBXGroup;
			children = (
				850AE874266BD41000A25C50 /* AppDelegate.swift */,
				850AE876266BD41000A25C50 /* SceneDelegate.swift */,
			);
			path = AppDelegate;
			sourceTree = "<group>";
		};
		850AE88A266BF4BE00A25C50 /* Resource */ = {
			isa = PBXGroup;
			children = (
				850AE87D266BD41500A25C50 /* Assets.xcassets */,
				850AE87F266BD41500A25C50 /* LaunchScreen.storyboard */,
			);
			path = Resource;
			sourceTree = "<group>";
		};
		850AE88B266BF4D500A25C50 /* Configuration */ = {
			isa = PBXGroup;
			children = (
				850AE882266BD41500A25C50 /* Info.plist */,
			);
			path = Configuration;
			sourceTree = "<group>";
		};
		850D0E14266FC81B00309F09 /* MyFriends */ = {
			isa = PBXGroup;
			children = (
				853364B2266FCFA20090E1D2 /* View */,
				850D0E15266FC83200309F09 /* Controller */,
			);
			path = MyFriends;
			sourceTree = "<group>";
		};
		850D0E15266FC83200309F09 /* Controller */ = {
			isa = PBXGroup;
			children = (
				850D0E16266FC85F00309F09 /* MyFriendsViewController.swift */,
			);
			path = Controller;
			sourceTree = "<group>";
		};
		853364B2266FCFA20090E1D2 /* View */ = {
			isa = PBXGroup;
			children = (
				853364B3266FCFDB0090E1D2 /* MyFriendsTableViewCell.swift */,
			);
			path = View;
			sourceTree = "<group>";
		};
		8557E3022672DD1200600721 /* Model */ = {
			isa = PBXGroup;
			children = (
				8557E3072672E99A00600721 /* GroupModel */,
				8557E3062672E98A00600721 /* FriendsModel */,
			);
			path = Model;
			sourceTree = "<group>";
		};
		8557E3052672E97300600721 /* AllGroups */ = {
			isa = PBXGroup;
			children = (
				857D2A36267AADCE000311FD /* Controller */,
				857D2A38267AAE1B000311FD /* View */,
			);
			path = AllGroups;
			sourceTree = "<group>";
		};
		8557E3062672E98A00600721 /* FriendsModel */ = {
			isa = PBXGroup;
			children = (
				8557E3032672DD2E00600721 /* FriendsModel.swift */,
			);
			path = FriendsModel;
			sourceTree = "<group>";
		};
		8557E3072672E99A00600721 /* GroupModel */ = {
			isa = PBXGroup;
			children = (
				8557E3082672E9B300600721 /* GroupModel.swift */,
			);
			path = GroupModel;
			sourceTree = "<group>";
		};
		8557E30A2673AAB000600721 /* MyGroups */ = {
			isa = PBXGroup;
			children = (
				8557E30C2673AACA00600721 /* Controller */,
				8557E30B2673AAC200600721 /* View */,
			);
			path = MyGroups;
			sourceTree = "<group>";
		};
		8557E30B2673AAC200600721 /* View */ = {
			isa = PBXGroup;
			children = (
				8557E30D2673AAF900600721 /* MyGroupsTableViewCell.swift */,
			);
			path = View;
			sourceTree = "<group>";
		};
		8557E30C2673AACA00600721 /* Controller */ = {
			isa = PBXGroup;
			children = (
				8582FF6A2673C773008EF88B /* MyGroupsViewController.swift */,
			);
			path = Controller;
			sourceTree = "<group>";
		};
		857D2A36267AADCE000311FD /* Controller */ = {
			isa = PBXGroup;
			children = (
				855FF184267972C300BBC4F2 /* AllGroupsViewController.swift */,
			);
			path = Controller;
			sourceTree = "<group>";
		};
		857D2A37267AADE5000311FD /* Groups */ = {
			isa = PBXGroup;
			children = (
				8557E3052672E97300600721 /* AllGroups */,
				8557E30A2673AAB000600721 /* MyGroups */,
			);
			path = Groups;
			sourceTree = "<group>";
		};
		857D2A38267AAE1B000311FD /* View */ = {
			isa = PBXGroup;
			children = (
				857D2A39267AAE5F000311FD /* AllGroupsViewTableViewCell.swift */,
			);
			path = View;
			sourceTree = "<group>";
		};
/* End PBXGroup section */

/* Begin PBXNativeTarget section */
		850AE870266BD41000A25C50 /* VkTypeAppGB */ = {
			isa = PBXNativeTarget;
			buildConfigurationList = 850AE885266BD41500A25C50 /* Build configuration list for PBXNativeTarget "VkTypeAppGB" */;
			buildPhases = (
				850AE86D266BD41000A25C50 /* Sources */,
				850AE86E266BD41000A25C50 /* Frameworks */,
				850AE86F266BD41000A25C50 /* Resources */,
			);
			buildRules = (
			);
			dependencies = (
			);
			name = VkTypeAppGB;
			productName = WeatherGeekBrains;
			productReference = 850AE871266BD41000A25C50 /* VkTypeAppGB.app */;
			productType = "com.apple.product-type.application";
		};
/* End PBXNativeTarget section */

/* Begin PBXProject section */
		850AE869266BD40F00A25C50 /* Project object */ = {
			isa = PBXProject;
			attributes = {
				LastSwiftUpdateCheck = 1250;
				LastUpgradeCheck = 1250;
				TargetAttributes = {
					850AE870266BD41000A25C50 = {
						CreatedOnToolsVersion = 12.5;
					};
				};
			};
			buildConfigurationList = 850AE86C266BD40F00A25C50 /* Build configuration list for PBXProject "VkTypeAppGB" */;
			compatibilityVersion = "Xcode 9.3";
			developmentRegion = en;
			hasScannedForEncodings = 0;
			knownRegions = (
				en,
				Base,
			);
			mainGroup = 850AE868266BD40F00A25C50;
			productRefGroup = 850AE872266BD41000A25C50 /* Products */;
			projectDirPath = "";
			projectRoot = "";
			targets = (
				850AE870266BD41000A25C50 /* VkTypeAppGB */,
			);
		};
/* End PBXProject section */

/* Begin PBXResourcesBuildPhase section */
		850AE86F266BD41000A25C50 /* Resources */ = {
			isa = PBXResourcesBuildPhase;
			buildActionMask = 2147483647;
			files = (
				85EA79EA266C437A00B3CA65 /* Main.storyboard in Resources */,
				850AE881266BD41500A25C50 /* LaunchScreen.storyboard in Resources */,
				850AE87E266BD41500A25C50 /* Assets.xcassets in Resources */,
			);
			runOnlyForDeploymentPostprocessing = 0;
		};
/* End PBXResourcesBuildPhase section */

/* Begin PBXSourcesBuildPhase section */
		850AE86D266BD41000A25C50 /* Sources */ = {
			isa = PBXSourcesBuildPhase;
			buildActionMask = 2147483647;
			files = (
				850D0E17266FC85F00309F09 /* MyFriendsViewController.swift in Sources */,
				8557E3092672E9B300600721 /* GroupModel.swift in Sources */,
				85EA79EE266C4C8500B3CA65 /* LoginViewController.swift in Sources */,
				857D2A3A267AAE5F000311FD /* AllGroupsViewTableViewCell.swift in Sources */,
				850AE875266BD41000A25C50 /* AppDelegate.swift in Sources */,
				853364B4266FCFDB0090E1D2 /* MyFriendsTableViewCell.swift in Sources */,
				8557E3042672DD2E00600721 /* FriendsModel.swift in Sources */,
				855FF185267972C300BBC4F2 /* AllGroupsViewController.swift in Sources */,
				8582FF6B2673C773008EF88B /* MyGroupsViewController.swift in Sources */,
				850AE877266BD41000A25C50 /* SceneDelegate.swift in Sources */,
				8557E30E2673AAF900600721 /* MyGroupsTableViewCell.swift in Sources */,
			);
			runOnlyForDeploymentPostprocessing = 0;
		};
/* End PBXSourcesBuildPhase section */

/* Begin PBXVariantGroup section */
		850AE87F266BD41500A25C50 /* LaunchScreen.storyboard */ = {
			isa = PBXVariantGroup;
			children = (
				850AE880266BD41500A25C50 /* Base */,
			);
			name = LaunchScreen.storyboard;
			sourceTree = "<group>";
		};
/* End PBXVariantGroup section */

/* Begin XCBuildConfiguration section */
		850AE883266BD41500A25C50 /* Debug */ = {
			isa = XCBuildConfiguration;
			buildSettings = {
				ALWAYS_SEARCH_USER_PATHS = NO;
				CLANG_ANALYZER_NONNULL = YES;
				CLANG_ANALYZER_NUMBER_OBJECT_CONVERSION = YES_AGGRESSIVE;
				CLANG_CXX_LANGUAGE_STANDARD = "gnu++14";
				CLANG_CXX_LIBRARY = "libc++";
				CLANG_ENABLE_MODULES = YES;
				CLANG_ENABLE_OBJC_ARC = YES;
				CLANG_ENABLE_OBJC_WEAK = YES;
				CLANG_WARN_BLOCK_CAPTURE_AUTORELEASING = YES;
				CLANG_WARN_BOOL_CONVERSION = YES;
				CLANG_WARN_COMMA = YES;
				CLANG_WARN_CONSTANT_CONVERSION = YES;
				CLANG_WARN_DEPRECATED_OBJC_IMPLEMENTATIONS = YES;
				CLANG_WARN_DIRECT_OBJC_ISA_USAGE = YES_ERROR;
				CLANG_WARN_DOCUMENTATION_COMMENTS = YES;
				CLANG_WARN_EMPTY_BODY = YES;
				CLANG_WARN_ENUM_CONVERSION = YES;
				CLANG_WARN_INFINITE_RECURSION = YES;
				CLANG_WARN_INT_CONVERSION = YES;
				CLANG_WARN_NON_LITERAL_NULL_CONVERSION = YES;
				CLANG_WARN_OBJC_IMPLICIT_RETAIN_SELF = YES;
				CLANG_WARN_OBJC_LITERAL_CONVERSION = YES;
				CLANG_WARN_OBJC_ROOT_CLASS = YES_ERROR;
				CLANG_WARN_QUOTED_INCLUDE_IN_FRAMEWORK_HEADER = YES;
				CLANG_WARN_RANGE_LOOP_ANALYSIS = YES;
				CLANG_WARN_STRICT_PROTOTYPES = YES;
				CLANG_WARN_SUSPICIOUS_MOVE = YES;
				CLANG_WARN_UNGUARDED_AVAILABILITY = YES_AGGRESSIVE;
				CLANG_WARN_UNREACHABLE_CODE = YES;
				CLANG_WARN__DUPLICATE_METHOD_MATCH = YES;
				COPY_PHASE_STRIP = NO;
				DEBUG_INFORMATION_FORMAT = dwarf;
				ENABLE_STRICT_OBJC_MSGSEND = YES;
				ENABLE_TESTABILITY = YES;
				GCC_C_LANGUAGE_STANDARD = gnu11;
				GCC_DYNAMIC_NO_PIC = NO;
				GCC_NO_COMMON_BLOCKS = YES;
				GCC_OPTIMIZATION_LEVEL = 0;
				GCC_PREPROCESSOR_DEFINITIONS = (
					"DEBUG=1",
					"$(inherited)",
				);
				GCC_WARN_64_TO_32_BIT_CONVERSION = YES;
				GCC_WARN_ABOUT_RETURN_TYPE = YES_ERROR;
				GCC_WARN_UNDECLARED_SELECTOR = YES;
				GCC_WARN_UNINITIALIZED_AUTOS = YES_AGGRESSIVE;
				GCC_WARN_UNUSED_FUNCTION = YES;
				GCC_WARN_UNUSED_VARIABLE = YES;
				IPHONEOS_DEPLOYMENT_TARGET = 14.5;
				MTL_ENABLE_DEBUG_INFO = INCLUDE_SOURCE;
				MTL_FAST_MATH = YES;
				ONLY_ACTIVE_ARCH = YES;
				SDKROOT = iphoneos;
				SWIFT_ACTIVE_COMPILATION_CONDITIONS = DEBUG;
				SWIFT_OPTIMIZATION_LEVEL = "-Onone";
			};
			name = Debug;
		};
		850AE884266BD41500A25C50 /* Release */ = {
			isa = XCBuildConfiguration;
			buildSettings = {
				ALWAYS_SEARCH_USER_PATHS = NO;
				CLANG_ANALYZER_NONNULL = YES;
				CLANG_ANALYZER_NUMBER_OBJECT_CONVERSION = YES_AGGRESSIVE;
				CLANG_CXX_LANGUAGE_STANDARD = "gnu++14";
				CLANG_CXX_LIBRARY = "libc++";
				CLANG_ENABLE_MODULES = YES;
				CLANG_ENABLE_OBJC_ARC = YES;
				CLANG_ENABLE_OBJC_WEAK = YES;
				CLANG_WARN_BLOCK_CAPTURE_AUTORELEASING = YES;
				CLANG_WARN_BOOL_CONVERSION = YES;
				CLANG_WARN_COMMA = YES;
				CLANG_WARN_CONSTANT_CONVERSION = YES;
				CLANG_WARN_DEPRECATED_OBJC_IMPLEMENTATIONS = YES;
				CLANG_WARN_DIRECT_OBJC_ISA_USAGE = YES_ERROR;
				CLANG_WARN_DOCUMENTATION_COMMENTS = YES;
				CLANG_WARN_EMPTY_BODY = YES;
				CLANG_WARN_ENUM_CONVERSION = YES;
				CLANG_WARN_INFINITE_RECURSION = YES;
				CLANG_WARN_INT_CONVERSION = YES;
				CLANG_WARN_NON_LITERAL_NULL_CONVERSION = YES;
				CLANG_WARN_OBJC_IMPLICIT_RETAIN_SELF = YES;
				CLANG_WARN_OBJC_LITERAL_CONVERSION = YES;
				CLANG_WARN_OBJC_ROOT_CLASS = YES_ERROR;
				CLANG_WARN_QUOTED_INCLUDE_IN_FRAMEWORK_HEADER = YES;
				CLANG_WARN_RANGE_LOOP_ANALYSIS = YES;
				CLANG_WARN_STRICT_PROTOTYPES = YES;
				CLANG_WARN_SUSPICIOUS_MOVE = YES;
				CLANG_WARN_UNGUARDED_AVAILABILITY = YES_AGGRESSIVE;
				CLANG_WARN_UNREACHABLE_CODE = YES;
				CLANG_WARN__DUPLICATE_METHOD_MATCH = YES;
				COPY_PHASE_STRIP = NO;
				DEBUG_INFORMATION_FORMAT = "dwarf-with-dsym";
				ENABLE_NS_ASSERTIONS = NO;
				ENABLE_STRICT_OBJC_MSGSEND = YES;
				GCC_C_LANGUAGE_STANDARD = gnu11;
				GCC_NO_COMMON_BLOCKS = YES;
				GCC_WARN_64_TO_32_BIT_CONVERSION = YES;
				GCC_WARN_ABOUT_RETURN_TYPE = YES_ERROR;
				GCC_WARN_UNDECLARED_SELECTOR = YES;
				GCC_WARN_UNINITIALIZED_AUTOS = YES_AGGRESSIVE;
				GCC_WARN_UNUSED_FUNCTION = YES;
				GCC_WARN_UNUSED_VARIABLE = YES;
				IPHONEOS_DEPLOYMENT_TARGET = 14.5;
				MTL_ENABLE_DEBUG_INFO = NO;
				MTL_FAST_MATH = YES;
				SDKROOT = iphoneos;
				SWIFT_COMPILATION_MODE = wholemodule;
				SWIFT_OPTIMIZATION_LEVEL = "-O";
				VALIDATE_PRODUCT = YES;
			};
			name = Release;
		};
		850AE886266BD41500A25C50 /* Debug */ = {
			isa = XCBuildConfiguration;
			buildSettings = {
				ASSETCATALOG_COMPILER_APPICON_NAME = AppIcon;
				ASSETCATALOG_COMPILER_GLOBAL_ACCENT_COLOR_NAME = AccentColor;
				CODE_SIGN_STYLE = Automatic;
				DEVELOPMENT_TEAM = 3TU88KQ9LG;
				INFOPLIST_FILE = VkTypeAppGB/Configuration/Info.plist;
				IPHONEOS_DEPLOYMENT_TARGET = 14.4;
				LD_RUNPATH_SEARCH_PATHS = (
					"$(inherited)",
					"@executable_path/Frameworks",
				);
				PRODUCT_BUNDLE_IDENTIFIER = alpac.VkTypeAppGB;
				PRODUCT_NAME = "$(TARGET_NAME)";
				SWIFT_VERSION = 5.0;
				TARGETED_DEVICE_FAMILY = "1,2";
			};
			name = Debug;
		};
		850AE887266BD41500A25C50 /* Release */ = {
			isa = XCBuildConfiguration;
			buildSettings = {
				ASSETCATALOG_COMPILER_APPICON_NAME = AppIcon;
				ASSETCATALOG_COMPILER_GLOBAL_ACCENT_COLOR_NAME = AccentColor;
				CODE_SIGN_STYLE = Automatic;
				DEVELOPMENT_TEAM = 3TU88KQ9LG;
				INFOPLIST_FILE = VkTypeAppGB/Configuration/Info.plist;
				IPHONEOS_DEPLOYMENT_TARGET = 14.4;
				LD_RUNPATH_SEARCH_PATHS = (
					"$(inherited)",
					"@executable_path/Frameworks",
				);
				PRODUCT_BUNDLE_IDENTIFIER = alpac.VkTypeAppGB;
				PRODUCT_NAME = "$(TARGET_NAME)";
				SWIFT_VERSION = 5.0;
				TARGETED_DEVICE_FAMILY = "1,2";
			};
			name = Release;
		};
/* End XCBuildConfiguration section */

/* Begin XCConfigurationList section */
		850AE86C266BD40F00A25C50 /* Build configuration list for PBXProject "VkTypeAppGB" */ = {
			isa = XCConfigurationList;
			buildConfigurations = (
				850AE883266BD41500A25C50 /* Debug */,
				850AE884266BD41500A25C50 /* Release */,
			);
			defaultConfigurationIsVisible = 0;
			defaultConfigurationName = Release;
		};
		850AE885266BD41500A25C50 /* Build configuration list for PBXNativeTarget "VkTypeAppGB" */ = {
			isa = XCConfigurationList;
			buildConfigurations = (
				850AE886266BD41500A25C50 /* Debug */,
				850AE887266BD41500A25C50 /* Release */,
			);
			defaultConfigurationIsVisible = 0;
			defaultConfigurationName = Release;
		};
/* End XCConfigurationList section */
	};
	rootObject = 850AE869266BD40F00A25C50 /* Project object */;
}
